
Microsoft Visual Studio Solution File, Format Version 12.00
# Visual Studio Version 18
VisualStudioVersion = 18.4.11626.88 stable
MinimumVisualStudioVersion = 10.0.40219.1
Project("{FAE04EC0-301F-11D3-BF4B-00C04F79EFBC}") = "PiiScanner", "PiiScanner\PiiScanner.csproj", "{0000B201-02CC-4FD7-95A7-249187879646}"
EndProject
Project("{FAE04EC0-301F-11D3-BF4B-00C04F79EFBC}") = "PiiScanner.Validators", "PiiScannerAgent.Validators\PiiScanner.Validators.csproj", "{225798D6-44B2-4B52-8EC3-91645A54FC3F}"
EndProject
Global
	GlobalSection(SolutionConfigurationPlatforms) = preSolution
		Debug|Any CPU = Debug|Any CPU
		Release|Any CPU = Release|Any CPU
	EndGlobalSection
	GlobalSection(ProjectConfigurationPlatforms) = postSolution
		{0000B201-02CC-4FD7-95A7-249187879646}.Debug|Any CPU.ActiveCfg = Debug|Any CPU
		{0000B201-02CC-4FD7-95A7-249187879646}.Debug|Any CPU.Build.0 = Debug|Any CPU
		{0000B201-02CC-4FD7-95A7-249187879646}.Release|Any CPU.ActiveCfg = Release|Any CPU
		{0000B201-02CC-4FD7-95A7-249187879646}.Release|Any CPU.Build.0 = Release|Any CPU
		{225798D6-44B2-4B52-8EC3-91645A54FC3F}.Debug|Any CPU.ActiveCfg = Debug|Any CPU
		{225798D6-44B2-4B52-8EC3-91645A54FC3F}.Debug|Any CPU.Build.0 = Debug|Any CPU
		{225798D6-44B2-4B52-8EC3-91645A54FC3F}.Release|Any CPU.ActiveCfg = Release|Any CPU
		{225798D6-44B2-4B52-8EC3-91645A54FC3F}.Release|Any CPU.Build.0 = Release|Any CPU
	EndGlobalSection
	GlobalSection(SolutionProperties) = preSolution
		HideSolutionNode = FALSE
	EndGlobalSection
	GlobalSection(ExtensibilityGlobals) = postSolution
		SolutionGuid = {D1C6E8E7-EDF1-4B9D-ACB4-5C2AEBFA11C5}
	EndGlobalSection
EndGlobal
